// !$*UTF8*$!
{
	archiveVersion = 1;
	classes = {
	};
	objectVersion = 50;
	objects = {

/* Begin PBXBuildFile section */
		1DD5158224A4F0A9005FD8C9 /* Book_ClubApp.swift in Sources */ = {isa = PBXBuildFile; fileRef = 1DD5156F24A4F0A8005FD8C9 /* Book_ClubApp.swift */; };
		1DD5158324A4F0A9005FD8C9 /* Book_ClubApp.swift in Sources */ = {isa = PBXBuildFile; fileRef = 1DD5156F24A4F0A8005FD8C9 /* Book_ClubApp.swift */; };
		1DD5158624A4F0A9005FD8C9 /* Assets.xcassets in Resources */ = {isa = PBXBuildFile; fileRef = 1DD5157124A4F0A8005FD8C9 /* Assets.xcassets */; };
		1DD5158724A4F0A9005FD8C9 /* Assets.xcassets in Resources */ = {isa = PBXBuildFile; fileRef = 1DD5157124A4F0A8005FD8C9 /* Assets.xcassets */; };
		1DD5159124A4F1A6005FD8C9 /* ReadingListStore.swift in Sources */ = {isa = PBXBuildFile; fileRef = 1DD5159024A4F1A6005FD8C9 /* ReadingListStore.swift */; };
		1DD5159224A4F1A6005FD8C9 /* ReadingListStore.swift in Sources */ = {isa = PBXBuildFile; fileRef = 1DD5159024A4F1A6005FD8C9 /* ReadingListStore.swift */; };
		1DD5159424A4F1FE005FD8C9 /* Book.swift in Sources */ = {isa = PBXBuildFile; fileRef = 1DD5159324A4F1FE005FD8C9 /* Book.swift */; };
		1DD5159524A4F1FE005FD8C9 /* Book.swift in Sources */ = {isa = PBXBuildFile; fileRef = 1DD5159324A4F1FE005FD8C9 /* Book.swift */; };
		1DD5159724A4F253005FD8C9 /* ReadingListViewer.swift in Sources */ = {isa = PBXBuildFile; fileRef = 1DD5159624A4F253005FD8C9 /* ReadingListViewer.swift */; };
		1DD5159824A4F253005FD8C9 /* ReadingListViewer.swift in Sources */ = {isa = PBXBuildFile; fileRef = 1DD5159624A4F253005FD8C9 /* ReadingListViewer.swift */; };
		1DD5159A24A51617005FD8C9 /* BooksClub.xcassets in Resources */ = {isa = PBXBuildFile; fileRef = 1DD5159924A51617005FD8C9 /* BooksClub.xcassets */; };
		1DD5159B24A51617005FD8C9 /* BooksClub.xcassets in Resources */ = {isa = PBXBuildFile; fileRef = 1DD5159924A51617005FD8C9 /* BooksClub.xcassets */; };
		1DD5159D24A51BB2005FD8C9 /* BookDetail.swift in Sources */ = {isa = PBXBuildFile; fileRef = 1DD5159C24A51BB2005FD8C9 /* BookDetail.swift */; };
		1DD5159E24A51BB2005FD8C9 /* BookDetail.swift in Sources */ = {isa = PBXBuildFile; fileRef = 1DD5159C24A51BB2005FD8C9 /* BookDetail.swift */; };
/* End PBXBuildFile section */

/* Begin PBXFileReference section */
		1DD5156F24A4F0A8005FD8C9 /* Book_ClubApp.swift */ = {isa = PBXFileReference; lastKnownFileType = sourcecode.swift; path = Book_ClubApp.swift; sourceTree = "<group>"; };
		1DD5157124A4F0A8005FD8C9 /* Assets.xcassets */ = {isa = PBXFileReference; lastKnownFileType = folder.assetcatalog; path = Assets.xcassets; sourceTree = "<group>"; };
		1DD5157624A4F0A9005FD8C9 /* Book Club.app */ = {isa = PBXFileReference; explicitFileType = wrapper.application; includeInIndex = 0; path = "Book Club.app"; sourceTree = BUILT_PRODUCTS_DIR; };
		1DD5157924A4F0A9005FD8C9 /* Info.plist */ = {isa = PBXFileReference; lastKnownFileType = text.plist.xml; path = Info.plist; sourceTree = "<group>"; };
		1DD5157E24A4F0A9005FD8C9 /* Book Club.app */ = {isa = PBXFileReference; explicitFileType = wrapper.application; includeInIndex = 0; path = "Book Club.app"; sourceTree = BUILT_PRODUCTS_DIR; };
		1DD5158024A4F0A9005FD8C9 /* Info.plist */ = {isa = PBXFileReference; lastKnownFileType = text.plist.xml; path = Info.plist; sourceTree = "<group>"; };
		1DD5158124A4F0A9005FD8C9 /* macOS.entitlements */ = {isa = PBXFileReference; lastKnownFileType = text.plist.entitlements; path = macOS.entitlements; sourceTree = "<group>"; };
		1DD5159024A4F1A6005FD8C9 /* ReadingListStore.swift */ = {isa = PBXFileReference; lastKnownFileType = sourcecode.swift; path = ReadingListStore.swift; sourceTree = "<group>"; };
		1DD5159324A4F1FE005FD8C9 /* Book.swift */ = {isa = PBXFileReference; lastKnownFileType = sourcecode.swift; path = Book.swift; sourceTree = "<group>"; };
		1DD5159624A4F253005FD8C9 /* ReadingListViewer.swift */ = {isa = PBXFileReference; lastKnownFileType = sourcecode.swift; path = ReadingListViewer.swift; sourceTree = "<group>"; };
		1DD5159924A51617005FD8C9 /* BooksClub.xcassets */ = {isa = PBXFileReference; lastKnownFileType = folder.assetcatalog; path = BooksClub.xcassets; sourceTree = "<group>"; };
		1DD5159C24A51BB2005FD8C9 /* BookDetail.swift */ = {isa = PBXFileReference; lastKnownFileType = sourcecode.swift; path = BookDetail.swift; sourceTree = "<group>"; };
/* End PBXFileReference section */

/* Begin PBXFrameworksBuildPhase section */
		1DD5157324A4F0A9005FD8C9 /* Frameworks */ = {
			isa = PBXFrameworksBuildPhase;
			buildActionMask = 2147483647;
			files = (
			);
			runOnlyForDeploymentPostprocessing = 0;
		};
		1DD5157B24A4F0A9005FD8C9 /* Frameworks */ = {
			isa = PBXFrameworksBuildPhase;
			buildActionMask = 2147483647;
			files = (
			);
			runOnlyForDeploymentPostprocessing = 0;
		};
/* End PBXFrameworksBuildPhase section */

/* Begin PBXGroup section */
		1DD5156924A4F0A8005FD8C9 = {
			isa = PBXGroup;
			children = (
				1DD5156E24A4F0A8005FD8C9 /* Shared */,
				1DD5157824A4F0A9005FD8C9 /* iOS */,
				1DD5157F24A4F0A9005FD8C9 /* macOS */,
				1DD5157724A4F0A9005FD8C9 /* Products */,
			);
			sourceTree = "<group>";
		};
		1DD5156E24A4F0A8005FD8C9 /* Shared */ = {
			isa = PBXGroup;
			children = (
				1DD5156F24A4F0A8005FD8C9 /* Book_ClubApp.swift */,
				1DD5159024A4F1A6005FD8C9 /* ReadingListStore.swift */,
				1DD5159324A4F1FE005FD8C9 /* Book.swift */,
				1DD5159624A4F253005FD8C9 /* ReadingListViewer.swift */,
				1DD5159C24A51BB2005FD8C9 /* BookDetail.swift */,
				1DD5157124A4F0A8005FD8C9 /* Assets.xcassets */,
				1DD5159924A51617005FD8C9 /* BooksClub.xcassets */,
			);
			path = Shared;
			sourceTree = "<group>";
		};
		1DD5157724A4F0A9005FD8C9 /* Products */ = {
			isa = PBXGroup;
			children = (
				1DD5157624A4F0A9005FD8C9 /* Book Club.app */,
				1DD5157E24A4F0A9005FD8C9 /* Book Club.app */,
			);
			name = Products;
			sourceTree = "<group>";
		};
		1DD5157824A4F0A9005FD8C9 /* iOS */ = {
			isa = PBXGroup;
			children = (
				1DD5157924A4F0A9005FD8C9 /* Info.plist */,
			);
			path = iOS;
			sourceTree = "<group>";
		};
		1DD5157F24A4F0A9005FD8C9 /* macOS */ = {
			isa = PBXGroup;
			children = (
				1DD5158024A4F0A9005FD8C9 /* Info.plist */,
				1DD5158124A4F0A9005FD8C9 /* macOS.entitlements */,
			);
			path = macOS;
			sourceTree = "<group>";
		};
/* End PBXGroup section */

/* Begin PBXNativeTarget section */
		1DD5157524A4F0A9005FD8C9 /* iOS */ = {
			isa = PBXNativeTarget;
			buildConfigurationList = 1DD5158A24A4F0A9005FD8C9 /* Build configuration list for PBXNativeTarget "iOS" */;
			buildPhases = (
				1DD5157224A4F0A9005FD8C9 /* Sources */,
				1DD5157324A4F0A9005FD8C9 /* Frameworks */,
				1DD5157424A4F0A9005FD8C9 /* Resources */,
			);
			buildRules = (
			);
			dependencies = (
			);
			name = iOS;
			productName = iOS;
			productReference = 1DD5157624A4F0A9005FD8C9 /* Book Club.app */;
			productType = "com.apple.product-type.application";
		};
		1DD5157D24A4F0A9005FD8C9 /* macOS */ = {
			isa = PBXNativeTarget;
			buildConfigurationList = 1DD5158D24A4F0A9005FD8C9 /* Build configuration list for PBXNativeTarget "macOS" */;
			buildPhases = (
				1DD5157A24A4F0A9005FD8C9 /* Sources */,
				1DD5157B24A4F0A9005FD8C9 /* Frameworks */,
				1DD5157C24A4F0A9005FD8C9 /* Resources */,
			);
			buildRules = (
			);
			dependencies = (
			);
			name = macOS;
			productName = macOS;
			productReference = 1DD5157E24A4F0A9005FD8C9 /* Book Club.app */;
			productType = "com.apple.product-type.application";
		};
/* End PBXNativeTarget section */

/* Begin PBXProject section */
		1DD5156A24A4F0A8005FD8C9 /* Project object */ = {
			isa = PBXProject;
			attributes = {
				LastSwiftUpdateCheck = 1200;
				LastUpgradeCheck = 1200;
				TargetAttributes = {
					1DD5157524A4F0A9005FD8C9 = {
						CreatedOnToolsVersion = 12.0;
					};
					1DD5157D24A4F0A9005FD8C9 = {
						CreatedOnToolsVersion = 12.0;
					};
				};
			};
			buildConfigurationList = 1DD5156D24A4F0A8005FD8C9 /* Build configuration list for PBXProject "Book Club" */;
			compatibilityVersion = "Xcode 9.3";
			developmentRegion = en;
			hasScannedForEncodings = 0;
			knownRegions = (
				en,
				Base,
			);
			mainGroup = 1DD5156924A4F0A8005FD8C9;
			productRefGroup = 1DD5157724A4F0A9005FD8C9 /* Products */;
			projectDirPath = "";
			projectRoot = "";
			targets = (
				1DD5157524A4F0A9005FD8C9 /* iOS */,
				1DD5157D24A4F0A9005FD8C9 /* macOS */,
			);
		};
/* End PBXProject section */

/* Begin PBXResourcesBuildPhase section */
		1DD5157424A4F0A9005FD8C9 /* Resources */ = {
			isa = PBXResourcesBuildPhase;
			buildActionMask = 2147483647;
			files = (
				1DD5159A24A51617005FD8C9 /* BooksClub.xcassets in Resources */,
				1DD5158624A4F0A9005FD8C9 /* Assets.xcassets in Resources */,
			);
			runOnlyForDeploymentPostprocessing = 0;
		};
		1DD5157C24A4F0A9005FD8C9 /* Resources */ = {
			isa = PBXResourcesBuildPhase;
			buildActionMask = 2147483647;
			files = (
				1DD5159B24A51617005FD8C9 /* BooksClub.xcassets in Resources */,
				1DD5158724A4F0A9005FD8C9 /* Assets.xcassets in Resources */,
			);
			runOnlyForDeploymentPostprocessing = 0;
		};
/* End PBXResourcesBuildPhase section */

/* Begin PBXSourcesBuildPhase section */
		1DD5157224A4F0A9005FD8C9 /* Sources */ = {
			isa = PBXSourcesBuildPhase;
			buildActionMask = 2147483647;
			files = (
				1DD5159424A4F1FE005FD8C9 /* Book.swift in Sources */,
				1DD5159724A4F253005FD8C9 /* ReadingListViewer.swift in Sources */,
				1DD5159124A4F1A6005FD8C9 /* ReadingListStore.swift in Sources */,
				1DD5158224A4F0A9005FD8C9 /* Book_ClubApp.swift in Sources */,
				1DD5159D24A51BB2005FD8C9 /* BookDetail.swift in Sources */,
			);
			runOnlyForDeploymentPostprocessing = 0;
		};
		1DD5157A24A4F0A9005FD8C9 /* Sources */ = {
			isa = PBXSourcesBuildPhase;
			buildActionMask = 2147483647;
			files = (
				1DD5159524A4F1FE005FD8C9 /* Book.swift in Sources */,
				1DD5159824A4F253005FD8C9 /* ReadingListViewer.swift in Sources */,
				1DD5159224A4F1A6005FD8C9 /* ReadingListStore.swift in Sources */,
				1DD5158324A4F0A9005FD8C9 /* Book_ClubApp.swift in Sources */,
				1DD5159E24A51BB2005FD8C9 /* BookDetail.swift in Sources */,
			);
			runOnlyForDeploymentPostprocessing = 0;
		};
/* End PBXSourcesBuildPhase section */

/* Begin XCBuildConfiguration section */
		1DD5158824A4F0A9005FD8C9 /* Debug */ = {
			isa = XCBuildConfiguration;
			buildSettings = {
				ALWAYS_SEARCH_USER_PATHS = NO;
				CLANG_ANALYZER_NONNULL = YES;
				CLANG_ANALYZER_NUMBER_OBJECT_CONVERSION = YES_AGGRESSIVE;
				CLANG_CXX_LANGUAGE_STANDARD = "gnu++14";
				CLANG_CXX_LIBRARY = "libc++";
				CLANG_ENABLE_MODULES = YES;
				CLANG_ENABLE_OBJC_ARC = YES;
				CLANG_ENABLE_OBJC_WEAK = YES;
				CLANG_WARN_BLOCK_CAPTURE_AUTORELEASING = YES;
				CLANG_WARN_BOOL_CONVERSION = YES;
				CLANG_WARN_COMMA = YES;
				CLANG_WARN_CONSTANT_CONVERSION = YES;
				CLANG_WARN_DEPRECATED_OBJC_IMPLEMENTATIONS = YES;
				CLANG_WARN_DIRECT_OBJC_ISA_USAGE = YES_ERROR;
				CLANG_WARN_DOCUMENTATION_COMMENTS = YES;
				CLANG_WARN_EMPTY_BODY = YES;
				CLANG_WARN_ENUM_CONVERSION = YES;
				CLANG_WARN_INFINITE_RECURSION = YES;
				CLANG_WARN_INT_CONVERSION = YES;
				CLANG_WARN_NON_LITERAL_NULL_CONVERSION = YES;
				CLANG_WARN_OBJC_IMPLICIT_RETAIN_SELF = YES;
				CLANG_WARN_OBJC_LITERAL_CONVERSION = YES;
				CLANG_WARN_OBJC_ROOT_CLASS = YES_ERROR;
				CLANG_WARN_QUOTED_INCLUDE_IN_FRAMEWORK_HEADER = YES;
				CLANG_WARN_RANGE_LOOP_ANALYSIS = YES;
				CLANG_WARN_STRICT_PROTOTYPES = YES;
				CLANG_WARN_SUSPICIOUS_MOVE = YES;
				CLANG_WARN_UNGUARDED_AVAILABILITY = YES_AGGRESSIVE;
				CLANG_WARN_UNREACHABLE_CODE = YES;
				CLANG_WARN__DUPLICATE_METHOD_MATCH = YES;
				COPY_PHASE_STRIP = NO;
				DEBUG_INFORMATION_FORMAT = dwarf;
				ENABLE_STRICT_OBJC_MSGSEND = YES;
				ENABLE_TESTABILITY = YES;
				GCC_C_LANGUAGE_STANDARD = gnu11;
				GCC_DYNAMIC_NO_PIC = NO;
				GCC_NO_COMMON_BLOCKS = YES;
				GCC_OPTIMIZATION_LEVEL = 0;
				GCC_PREPROCESSOR_DEFINITIONS = (
					"DEBUG=1",
					"$(inherited)",
				);
				GCC_WARN_64_TO_32_BIT_CONVERSION = YES;
				GCC_WARN_ABOUT_RETURN_TYPE = YES_ERROR;
				GCC_WARN_UNDECLARED_SELECTOR = YES;
				GCC_WARN_UNINITIALIZED_AUTOS = YES_AGGRESSIVE;
				GCC_WARN_UNUSED_FUNCTION = YES;
				GCC_WARN_UNUSED_VARIABLE = YES;
				MTL_ENABLE_DEBUG_INFO = INCLUDE_SOURCE;
				MTL_FAST_MATH = YES;
				ONLY_ACTIVE_ARCH = YES;
				SWIFT_ACTIVE_COMPILATION_CONDITIONS = DEBUG;
				SWIFT_OPTIMIZATION_LEVEL = "-Onone";
			};
			name = Debug;
		};
		1DD5158924A4F0A9005FD8C9 /* Release */ = {
			isa = XCBuildConfiguration;
			buildSettings = {
				ALWAYS_SEARCH_USER_PATHS = NO;
				CLANG_ANALYZER_NONNULL = YES;
				CLANG_ANALYZER_NUMBER_OBJECT_CONVERSION = YES_AGGRESSIVE;
				CLANG_CXX_LANGUAGE_STANDARD = "gnu++14";
				CLANG_CXX_LIBRARY = "libc++";
				CLANG_ENABLE_MODULES = YES;
				CLANG_ENABLE_OBJC_ARC = YES;
				CLANG_ENABLE_OBJC_WEAK = YES;
				CLANG_WARN_BLOCK_CAPTURE_AUTORELEASING = YES;
				CLANG_WARN_BOOL_CONVERSION = YES;
				CLANG_WARN_COMMA = YES;
				CLANG_WARN_CONSTANT_CONVERSION = YES;
				CLANG_WARN_DEPRECATED_OBJC_IMPLEMENTATIONS = YES;
				CLANG_WARN_DIRECT_OBJC_ISA_USAGE = YES_ERROR;
				CLANG_WARN_DOCUMENTATION_COMMENTS = YES;
				CLANG_WARN_EMPTY_BODY = YES;
				CLANG_WARN_ENUM_CONVERSION = YES;
				CLANG_WARN_INFINITE_RECURSION = YES;
				CLANG_WARN_INT_CONVERSION = YES;
				CLANG_WARN_NON_LITERAL_NULL_CONVERSION = YES;
				CLANG_WARN_OBJC_IMPLICIT_RETAIN_SELF = YES;
				CLANG_WARN_OBJC_LITERAL_CONVERSION = YES;
				CLANG_WARN_OBJC_ROOT_CLASS = YES_ERROR;
				CLANG_WARN_QUOTED_INCLUDE_IN_FRAMEWORK_HEADER = YES;
				CLANG_WARN_RANGE_LOOP_ANALYSIS = YES;
				CLANG_WARN_STRICT_PROTOTYPES = YES;
				CLANG_WARN_SUSPICIOUS_MOVE = YES;
				CLANG_WARN_UNGUARDED_AVAILABILITY = YES_AGGRESSIVE;
				CLANG_WARN_UNREACHABLE_CODE = YES;
				CLANG_WARN__DUPLICATE_METHOD_MATCH = YES;
				COPY_PHASE_STRIP = NO;
				DEBUG_INFORMATION_FORMAT = "dwarf-with-dsym";
				ENABLE_NS_ASSERTIONS = NO;
				ENABLE_STRICT_OBJC_MSGSEND = YES;
				GCC_C_LANGUAGE_STANDARD = gnu11;
				GCC_NO_COMMON_BLOCKS = YES;
				GCC_WARN_64_TO_32_BIT_CONVERSION = YES;
				GCC_WARN_ABOUT_RETURN_TYPE = YES_ERROR;
				GCC_WARN_UNDECLARED_SELECTOR = YES;
				GCC_WARN_UNINITIALIZED_AUTOS = YES_AGGRESSIVE;
				GCC_WARN_UNUSED_FUNCTION = YES;
				GCC_WARN_UNUSED_VARIABLE = YES;
				MTL_ENABLE_DEBUG_INFO = NO;
				MTL_FAST_MATH = YES;
				SWIFT_COMPILATION_MODE = wholemodule;
				SWIFT_OPTIMIZATION_LEVEL = "-O";
			};
			name = Release;
		};
		1DD5158B24A4F0A9005FD8C9 /* Debug */ = {
			isa = XCBuildConfiguration;
			buildSettings = {
				ASSETCATALOG_COMPILER_APPICON_NAME = AppIcon;
				ASSETCATALOG_COMPILER_GLOBAL_ACCENT_COLOR_NAME = AccentColor;
				CODE_SIGN_STYLE = Automatic;
				DEVELOPMENT_TEAM = XU9WC44F8F;
				ENABLE_PREVIEWS = YES;
				INFOPLIST_FILE = iOS/Info.plist;
				IPHONEOS_DEPLOYMENT_TARGET = 14.0;
				LD_RUNPATH_SEARCH_PATHS = (
					"$(inherited)",
					"@executable_path/Frameworks",
				);
				PRODUCT_BUNDLE_IDENTIFIER = "com.rangareddy.Book-Club";
				PRODUCT_NAME = "Book Club";
				SDKROOT = iphoneos;
				SWIFT_VERSION = 5.0;
				TARGETED_DEVICE_FAMILY = "1,2";
			};
			name = Debug;
		};
		1DD5158C24A4F0A9005FD8C9 /* Release */ = {
			isa = XCBuildConfiguration;
			buildSettings = {
				ASSETCATALOG_COMPILER_APPICON_NAME = AppIcon;
				ASSETCATALOG_COMPILER_GLOBAL_ACCENT_COLOR_NAME = AccentColor;
				CODE_SIGN_STYLE = Automatic;
				DEVELOPMENT_TEAM = XU9WC44F8F;
				ENABLE_PREVIEWS = YES;
				INFOPLIST_FILE = iOS/Info.plist;
				IPHONEOS_DEPLOYMENT_TARGET = 14.0;
				LD_RUNPATH_SEARCH_PATHS = (
					"$(inherited)",
					"@executable_path/Frameworks",
				);
				PRODUCT_BUNDLE_IDENTIFIER = "com.rangareddy.Book-Club";
				PRODUCT_NAME = "Book Club";
				SDKROOT = iphoneos;
				SWIFT_VERSION = 5.0;
				TARGETED_DEVICE_FAMILY = "1,2";
				VALIDATE_PRODUCT = YES;
			};
			name = Release;
		};
		1DD5158E24A4F0A9005FD8C9 /* Debug */ = {
			isa = XCBuildConfiguration;
			buildSettings = {
				ASSETCATALOG_COMPILER_APPICON_NAME = AppIcon;
				ASSETCATALOG_COMPILER_GLOBAL_ACCENT_COLOR_NAME = AccentColor;
				CODE_SIGN_ENTITLEMENTS = macOS/macOS.entitlements;
				CODE_SIGN_STYLE = Automatic;
				COMBINE_HIDPI_IMAGES = YES;
				DEVELOPMENT_TEAM = XU9WC44F8F;
				ENABLE_HARDENED_RUNTIME = YES;
				ENABLE_PREVIEWS = YES;
				INFOPLIST_FILE = macOS/Info.plist;
				LD_RUNPATH_SEARCH_PATHS = (
					"$(inherited)",
					"@executable_path/../Frameworks",
				);
				MACOSX_DEPLOYMENT_TARGET = 10.16;
				PRODUCT_BUNDLE_IDENTIFIER = "com.rangareddy.Book-Club";
				PRODUCT_NAME = "Book Club";
				SDKROOT = macosx;
				SWIFT_VERSION = 5.0;
			};
			name = Debug;
		};
		1DD5158F24A4F0A9005FD8C9 /* Release */ = {
			isa = XCBuildConfiguration;
			buildSettings = {
				ASSETCATALOG_COMPILER_APPICON_NAME = AppIcon;
				ASSETCATALOG_COMPILER_GLOBAL_ACCENT_COLOR_NAME = AccentColor;
				CODE_SIGN_ENTITLEMENTS = macOS/macOS.entitlements;
				CODE_SIGN_STYLE = Automatic;
				COMBINE_HIDPI_IMAGES = YES;
				DEVELOPMENT_TEAM = XU9WC44F8F;
				ENABLE_HARDENED_RUNTIME = YES;
				ENABLE_PREVIEWS = YES;
				INFOPLIST_FILE = macOS/Info.plist;
				LD_RUNPATH_SEARCH_PATHS = (
					"$(inherited)",
					"@executable_path/../Frameworks",
				);
				MACOSX_DEPLOYMENT_TARGET = 10.16;
				PRODUCT_BUNDLE_IDENTIFIER = "com.rangareddy.Book-Club";
				PRODUCT_NAME = "Book Club";
				SDKROOT = macosx;
				SWIFT_VERSION = 5.0;
			};
			name = Release;
		};
/* End XCBuildConfiguration section */

/* Begin XCConfigurationList section */
		1DD5156D24A4F0A8005FD8C9 /* Build configuration list for PBXProject "Book Club" */ = {
			isa = XCConfigurationList;
			buildConfigurations = (
				1DD5158824A4F0A9005FD8C9 /* Debug */,
				1DD5158924A4F0A9005FD8C9 /* Release */,
			);
			defaultConfigurationIsVisible = 0;
			defaultConfigurationName = Release;
		};
		1DD5158A24A4F0A9005FD8C9 /* Build configuration list for PBXNativeTarget "iOS" */ = {
			isa = XCConfigurationList;
			buildConfigurations = (
				1DD5158B24A4F0A9005FD8C9 /* Debug */,
				1DD5158C24A4F0A9005FD8C9 /* Release */,
			);
			defaultConfigurationIsVisible = 0;
			defaultConfigurationName = Release;
		};
		1DD5158D24A4F0A9005FD8C9 /* Build configuration list for PBXNativeTarget "macOS" */ = {
			isa = XCConfigurationList;
			buildConfigurations = (
				1DD5158E24A4F0A9005FD8C9 /* Debug */,
				1DD5158F24A4F0A9005FD8C9 /* Release */,
			);
			defaultConfigurationIsVisible = 0;
			defaultConfigurationName = Release;
		};
/* End XCConfigurationList section */
	};
	rootObject = 1DD5156A24A4F0A8005FD8C9 /* Project object */;
}
